# Dependency Lockfile
HOST_OS="Windows 11 Build 10.0.26200.9457"
WSL_VERSION="2.7.12.0"
WSL_KERNEL="6.18.33.2-2"
WSLG_VERSION="1.0.73.2"
NVIDIA_DRIVER="591.86"
CUDA_VERSION="13.1"
GUEST_OS="Ubuntu 26.04 LTS (Target) / Ubuntu 22.04.5 LTS (Host VM)"
ROS_DISTRO="lyrical"
ROS_DOMAIN_ID="10"
RMW_IMPLEMENTATION="rmw_fastrtps_cpp"
CMAKE_VERSION="3.22.1"
GCC_VERSION="11.4.0"
PYTHON_VERSION="3.10.12"
